
Microsoft Visual Studio Solution File, Format Version 12.00
# Visual Studio Version 16
VisualStudioVersion = 16.0.31205.134
MinimumVisualStudioVersion = 10.0.40219.1
Project("{9A19103F-16F7-4668-BE54-9A1E7A4F7556}") = "CustomerData", "CPRG 200 Lab Assignment 2\CustomerData.csproj", "{C51DC2FC-9A83-48E3-9142-4C2DB490835B}"
EndProject
Project("{9A19103F-16F7-4668-BE54-9A1E7A4F7556}") = "BillCalculator", "BillCalculator\BillCalculator.csproj", "{995AE851-2EA7-4DFB-8B9B-29C31815799B}"
EndProject
Project("{FAE04EC0-301F-11D3-BF4B-00C04F79EFBC}") = "CustomerDataTests", "CustomerDataTests4\CustomerDataTests.csproj", "{6E684980-ADF5-4CCF-A9F3-8DEFBBEEA053}"
EndProject
Global
	GlobalSection(SolutionConfigurationPlatforms) = preSolution
		Debug|Any CPU = Debug|Any CPU
		Release|Any CPU = Release|Any CPU
	EndGlobalSection
	GlobalSection(ProjectConfigurationPlatforms) = postSolution
		{C51DC2FC-9A83-48E3-9142-4C2DB490835B}.Debug|Any CPU.ActiveCfg = Debug|Any CPU
		{C51DC2FC-9A83-48E3-9142-4C2DB490835B}.Debug|Any CPU.Build.0 = Debug|Any CPU
		{C51DC2FC-9A83-48E3-9142-4C2DB490835B}.Release|Any CPU.ActiveCfg = Release|Any CPU
		{C51DC2FC-9A83-48E3-9142-4C2DB490835B}.Release|Any CPU.Build.0 = Release|Any CPU
		{995AE851-2EA7-4DFB-8B9B-29C31815799B}.Debug|Any CPU.ActiveCfg = Debug|Any CPU
		{995AE851-2EA7-4DFB-8B9B-29C31815799B}.Debug|Any CPU.Build.0 = Debug|Any CPU
		{995AE851-2EA7-4DFB-8B9B-29C31815799B}.Release|Any CPU.ActiveCfg = Release|Any CPU
		{995AE851-2EA7-4DFB-8B9B-29C31815799B}.Release|Any CPU.Build.0 = Release|Any CPU
		{6E684980-ADF5-4CCF-A9F3-8DEFBBEEA053}.Debug|Any CPU.ActiveCfg = Debug|Any CPU
		{6E684980-ADF5-4CCF-A9F3-8DEFBBEEA053}.Debug|Any CPU.Build.0 = Debug|Any CPU
		{6E684980-ADF5-4CCF-A9F3-8DEFBBEEA053}.Release|Any CPU.ActiveCfg = Release|Any CPU
		{6E684980-ADF5-4CCF-A9F3-8DEFBBEEA053}.Release|Any CPU.Build.0 = Release|Any CPU
	EndGlobalSection
	GlobalSection(SolutionProperties) = preSolution
		HideSolutionNode = FALSE
	EndGlobalSection
	GlobalSection(ExtensibilityGlobals) = postSolution
		SolutionGuid = {99ABF574-6184-4AF4-9EF8-FCDE77DFEEE3}
	EndGlobalSection
EndGlobal
